
Microsoft Visual Studio Solution File, Format Version 12.00
# Visual Studio Version 17
VisualStudioVersion = 17.0.31808.319
MinimumVisualStudioVersion = 10.0.40219.1
Project("{FAE04EC0-301F-11D3-BF4B-00C04F79EFBC}") = "LibLoginAuthenticator", "LibLoginAuthenticator\LibLoginAuthenticator.csproj", "{72ACD728-6065-4880-98D7-ABCC3235B07A}"
EndProject
Project("{FAE04EC0-301F-11D3-BF4B-00C04F79EFBC}") = "ConAuthenticator", "ConAuthenticator\ConAuthenticator.csproj", "{2A9F1792-933E-49B0-9D38-AB17C71D3766}"
EndProject
Project("{FAE04EC0-301F-11D3-BF4B-00C04F79EFBC}") = "WindowsFormsApp", "WindowsFormsApp\WindowsFormsApp.csproj", "{D73D94F7-41A7-43DD-9CBD-2B4FFECEEB85}"
EndProject
Global
	GlobalSection(SolutionConfigurationPlatforms) = preSolution
		Debug|Any CPU = Debug|Any CPU
		Release|Any CPU = Release|Any CPU
	EndGlobalSection
	GlobalSection(ProjectConfigurationPlatforms) = postSolution
		{72ACD728-6065-4880-98D7-ABCC3235B07A}.Debug|Any CPU.ActiveCfg = Debug|Any CPU
		{72ACD728-6065-4880-98D7-ABCC3235B07A}.Debug|Any CPU.Build.0 = Debug|Any CPU
		{72ACD728-6065-4880-98D7-ABCC3235B07A}.Release|Any CPU.ActiveCfg = Release|Any CPU
		{72ACD728-6065-4880-98D7-ABCC3235B07A}.Release|Any CPU.Build.0 = Release|Any CPU
		{2A9F1792-933E-49B0-9D38-AB17C71D3766}.Debug|Any CPU.ActiveCfg = Debug|Any CPU
		{2A9F1792-933E-49B0-9D38-AB17C71D3766}.Debug|Any CPU.Build.0 = Debug|Any CPU
		{2A9F1792-933E-49B0-9D38-AB17C71D3766}.Release|Any CPU.ActiveCfg = Release|Any CPU
		{2A9F1792-933E-49B0-9D38-AB17C71D3766}.Release|Any CPU.Build.0 = Release|Any CPU
		{D73D94F7-41A7-43DD-9CBD-2B4FFECEEB85}.Debug|Any CPU.ActiveCfg = Debug|Any CPU
		{D73D94F7-41A7-43DD-9CBD-2B4FFECEEB85}.Debug|Any CPU.Build.0 = Debug|Any CPU
		{D73D94F7-41A7-43DD-9CBD-2B4FFECEEB85}.Release|Any CPU.ActiveCfg = Release|Any CPU
		{D73D94F7-41A7-43DD-9CBD-2B4FFECEEB85}.Release|Any CPU.Build.0 = Release|Any CPU
	EndGlobalSection
	GlobalSection(SolutionProperties) = preSolution
		HideSolutionNode = FALSE
	EndGlobalSection
	GlobalSection(ExtensibilityGlobals) = postSolution
		SolutionGuid = {CD9FDD60-A6B5-4DB8-9AED-F0A8D84C67F0}
	EndGlobalSection
EndGlobal
