
Microsoft Visual Studio Solution File, Format Version 12.00
# Visual Studio Version 17
VisualStudioVersion = 17.0.31808.319
MinimumVisualStudioVersion = 10.0.40219.1
Project("{FAE04EC0-301F-11D3-BF4B-00C04F79EFBC}") = "Projct_2021", "Projct_2021\Projct_2021.csproj", "{163028A7-99D4-4571-BE23-9E09989CE864}"
EndProject
Project("{FAE04EC0-301F-11D3-BF4B-00C04F79EFBC}") = "Security Trap", "..\LoginAuthenticator\WindowsFormsApp\Security Trap.csproj", "{D73D94F7-41A7-43DD-9CBD-2B4FFECEEB85}"
EndProject
Global
	GlobalSection(SolutionConfigurationPlatforms) = preSolution
		Debug|Any CPU = Debug|Any CPU
		Release|Any CPU = Release|Any CPU
	EndGlobalSection
	GlobalSection(ProjectConfigurationPlatforms) = postSolution
		{163028A7-99D4-4571-BE23-9E09989CE864}.Debug|Any CPU.ActiveCfg = Debug|Any CPU
		{163028A7-99D4-4571-BE23-9E09989CE864}.Debug|Any CPU.Build.0 = Debug|Any CPU
		{163028A7-99D4-4571-BE23-9E09989CE864}.Release|Any CPU.ActiveCfg = Release|Any CPU
		{163028A7-99D4-4571-BE23-9E09989CE864}.Release|Any CPU.Build.0 = Release|Any CPU
		{D73D94F7-41A7-43DD-9CBD-2B4FFECEEB85}.Debug|Any CPU.ActiveCfg = Debug|Any CPU
		{D73D94F7-41A7-43DD-9CBD-2B4FFECEEB85}.Debug|Any CPU.Build.0 = Debug|Any CPU
		{D73D94F7-41A7-43DD-9CBD-2B4FFECEEB85}.Release|Any CPU.ActiveCfg = Release|Any CPU
		{D73D94F7-41A7-43DD-9CBD-2B4FFECEEB85}.Release|Any CPU.Build.0 = Release|Any CPU
	EndGlobalSection
	GlobalSection(SolutionProperties) = preSolution
		HideSolutionNode = FALSE
	EndGlobalSection
	GlobalSection(ExtensibilityGlobals) = postSolution
		SolutionGuid = {B9BD16A7-E232-4A89-8FA7-493BB1946917}
	EndGlobalSection
EndGlobal
